
Microsoft Visual Studio Solution File, Format Version 12.00
# Visual Studio Version 16
VisualStudioVersion = 16.0.30804.86
MinimumVisualStudioVersion = 10.0.40219.1
Project("{FAE04EC0-301F-11D3-BF4B-00C04F79EFBC}") = "Notes", "Notes\Notes.csproj", "{75BD2C91-D526-4EB2-AA38-01248BB528E2}"
EndProject
Global
	GlobalSection(SolutionConfigurationPlatforms) = preSolution
		Debug|Any CPU = Debug|Any CPU
		Release|Any CPU = Release|Any CPU
	EndGlobalSection
	GlobalSection(ProjectConfigurationPlatforms) = postSolution
		{75BD2C91-D526-4EB2-AA38-01248BB528E2}.Debug|Any CPU.ActiveCfg = Debug|Any CPU
		{75BD2C91-D526-4EB2-AA38-01248BB528E2}.Debug|Any CPU.Build.0 = Debug|Any CPU
		{75BD2C91-D526-4EB2-AA38-01248BB528E2}.Release|Any CPU.ActiveCfg = Release|Any CPU
		{75BD2C91-D526-4EB2-AA38-01248BB528E2}.Release|Any CPU.Build.0 = Release|Any CPU
	EndGlobalSection
	GlobalSection(SolutionProperties) = preSolution
		HideSolutionNode = FALSE
	EndGlobalSection
	GlobalSection(ExtensibilityGlobals) = postSolution
		SolutionGuid = {D001370F-3BF6-4611-9B63-186604AD15AE}
	EndGlobalSection
EndGlobal
